
Microsoft Visual Studio Solution File, Format Version 12.00
# Visual Studio Version 17
VisualStudioVersion = 17.2.32516.85
MinimumVisualStudioVersion = 10.0.40219.1
Project("{9A19103F-16F7-4668-BE54-9A1E7A4F7556}") = "BlazorQuickGridApp.Server", "BlazorQuickGridApp\Server\BlazorQuickGridApp.Server.csproj", "{BC0AF7A4-D79A-401A-8798-87B7544C5E57}"
EndProject
Project("{9A19103F-16F7-4668-BE54-9A1E7A4F7556}") = "BlazorQuickGridApp.Client", "BlazorQuickGridApp\Client\BlazorQuickGridApp.Client.csproj", "{CC9EBADD-B0D5-4983-8265-FE34AFC6F2F1}"
EndProject
Project("{9A19103F-16F7-4668-BE54-9A1E7A4F7556}") = "BlazorQuickGridApp.Shared", "BlazorQuickGridApp\Shared\BlazorQuickGridApp.Shared.csproj", "{83D0A343-B554-4880-9279-E917D2D8090E}"
EndProject
Global
	GlobalSection(SolutionConfigurationPlatforms) = preSolution
		Debug|Any CPU = Debug|Any CPU
		Release|Any CPU = Release|Any CPU
	EndGlobalSection
	GlobalSection(ProjectConfigurationPlatforms) = postSolution
		{BC0AF7A4-D79A-401A-8798-87B7544C5E57}.Debug|Any CPU.ActiveCfg = Debug|Any CPU
		{BC0AF7A4-D79A-401A-8798-87B7544C5E57}.Debug|Any CPU.Build.0 = Debug|Any CPU
		{BC0AF7A4-D79A-401A-8798-87B7544C5E57}.Release|Any CPU.ActiveCfg = Release|Any CPU
		{BC0AF7A4-D79A-401A-8798-87B7544C5E57}.Release|Any CPU.Build.0 = Release|Any CPU
		{CC9EBADD-B0D5-4983-8265-FE34AFC6F2F1}.Debug|Any CPU.ActiveCfg = Debug|Any CPU
		{CC9EBADD-B0D5-4983-8265-FE34AFC6F2F1}.Debug|Any CPU.Build.0 = Debug|Any CPU
		{CC9EBADD-B0D5-4983-8265-FE34AFC6F2F1}.Release|Any CPU.ActiveCfg = Release|Any CPU
		{CC9EBADD-B0D5-4983-8265-FE34AFC6F2F1}.Release|Any CPU.Build.0 = Release|Any CPU
		{83D0A343-B554-4880-9279-E917D2D8090E}.Debug|Any CPU.ActiveCfg = Debug|Any CPU
		{83D0A343-B554-4880-9279-E917D2D8090E}.Debug|Any CPU.Build.0 = Debug|Any CPU
		{83D0A343-B554-4880-9279-E917D2D8090E}.Release|Any CPU.ActiveCfg = Release|Any CPU
		{83D0A343-B554-4880-9279-E917D2D8090E}.Release|Any CPU.Build.0 = Release|Any CPU
	EndGlobalSection
	GlobalSection(SolutionProperties) = preSolution
		HideSolutionNode = FALSE
	EndGlobalSection
	GlobalSection(ExtensibilityGlobals) = postSolution
		SolutionGuid = {81D2165D-6A04-441D-936A-A4460BF5D096}
	EndGlobalSection
EndGlobal
